
Microsoft Visual Studio Solution File, Format Version 12.00
# Visual Studio Version 17
VisualStudioVersion = 17.13.35919.96
MinimumVisualStudioVersion = 10.0.40219.1
Project("{8BC9CEB8-8B4A-11D0-8D11-00A0C91BC942}") = "al", "al.vcxproj", "{7AF85B11-B7EE-4026-868D-4AA7C96BB27C}"
EndProject
Project("{8BC9CEB8-8B4A-11D0-8D11-00A0C91BC942}") = "Class1th (점근적 표기법)", "..\Class1th (점근적 표기법)\Class1th (점근적 표기법).vcxproj", "{BCD4028F-686D-46E5-B0E9-477944DCBAAD}"
EndProject
Project("{8BC9CEB8-8B4A-11D0-8D11-00A0C91BC942}") = "Class2th (완전 탐색)", "..\Class2th (완전 탐색)\Class2th (완전 탐색).vcxproj", "{4ACD7231-16C1-4711-B754-327224ED021E}"
EndProject
Project("{8BC9CEB8-8B4A-11D0-8D11-00A0C91BC942}") = "Class3th (거품 정렬)", "..\Class3th (거품 정렬)\Class3th (거품 정렬).vcxproj", "{8830B26B-DBC4-43B2-ADC7-1ADB4D2EDFDF}"
EndProject
Project("{8BC9CEB8-8B4A-11D0-8D11-00A0C91BC942}") = "Class4th (선택 정렬)", "..\Class5th (선택 정렬)\Class5th (선택 정렬).vcxproj", "{CD9CC085-51FB-4851-9D73-C2ACB542D7C4}"
EndProject
Project("{8BC9CEB8-8B4A-11D0-8D11-00A0C91BC942}") = "Class5th (삽입 정렬)", "..\Class6th (삽입 정렬)\Class6th (삽입 정렬).vcxproj", "{893E891F-49EE-40B3-952D-9548A3DFC20D}"
EndProject
Project("{8BC9CEB8-8B4A-11D0-8D11-00A0C91BC942}") = "Class6th (유클리드 호제법)", "..\Class6th (유클리드 호제법)\Class6th (유클리드 호제법).vcxproj", "{DF918131-4730-43E3-A729-B1E46764CD4F}"
EndProject
Project("{8BC9CEB8-8B4A-11D0-8D11-00A0C91BC942}") = "Class7th (에라토스테네스의 체)", "..\Class7th (에라토스테네스의 체)\Class7th (에라토스테네스의 체).vcxproj", "{28C1C0D5-1409-4E0E-95B4-987BF443B42D}"
EndProject
Project("{8BC9CEB8-8B4A-11D0-8D11-00A0C91BC942}") = "Class8th (계수 정렬)", "..\Class8th (계수 정렬)\Class8th (계수 정렬).vcxproj", "{16AC9478-F5B8-4B1D-A079-334C5157A545}"
EndProject
Project("{8BC9CEB8-8B4A-11D0-8D11-00A0C91BC942}") = "Class9th (분할 정복)", "..\Class9th (분할 정복)\Class9th (분할 정복).vcxproj", "{D964280B-2AC4-4C30-85E0-BF0D6E9DD139}"
EndProject
Project("{8BC9CEB8-8B4A-11D0-8D11-00A0C91BC942}") = "Class10th (이분 탐색)", "..\Class10th (이분 탐색)\Class10th (이분 탐색).vcxproj", "{E3DB3D14-0A1B-4E6D-A80D-CECEDA3FE6D9}"
EndProject
Project("{8BC9CEB8-8B4A-11D0-8D11-00A0C91BC942}") = "Class11th (퀵 정렬)", "..\Class11th (퀵 정렬)\Class11th (퀵 정렬).vcxproj", "{8059B90D-F9BE-4FA0-86D2-9DD36FB156CC}"
EndProject
Project("{8BC9CEB8-8B4A-11D0-8D11-00A0C91BC942}") = "Class12th (합병 정렬)", "..\Class12th (합병 정렬)\Class12th (합병 정렬).vcxproj", "{1F4590A7-7FDA-496D-A853-43CC2FDFFC7E}"
EndProject
Global
	GlobalSection(SolutionConfigurationPlatforms) = preSolution
		Debug|x64 = Debug|x64
		Debug|x86 = Debug|x86
		Release|x64 = Release|x64
		Release|x86 = Release|x86
	EndGlobalSection
	GlobalSection(ProjectConfigurationPlatforms) = postSolution
		{7AF85B11-B7EE-4026-868D-4AA7C96BB27C}.Debug|x64.ActiveCfg = Debug|x64
		{7AF85B11-B7EE-4026-868D-4AA7C96BB27C}.Debug|x64.Build.0 = Debug|x64
		{7AF85B11-B7EE-4026-868D-4AA7C96BB27C}.Debug|x86.ActiveCfg = Debug|Win32
		{7AF85B11-B7EE-4026-868D-4AA7C96BB27C}.Debug|x86.Build.0 = Debug|Win32
		{7AF85B11-B7EE-4026-868D-4AA7C96BB27C}.Release|x64.ActiveCfg = Release|x64
		{7AF85B11-B7EE-4026-868D-4AA7C96BB27C}.Release|x64.Build.0 = Release|x64
		{7AF85B11-B7EE-4026-868D-4AA7C96BB27C}.Release|x86.ActiveCfg = Release|Win32
		{7AF85B11-B7EE-4026-868D-4AA7C96BB27C}.Release|x86.Build.0 = Release|Win32
		{BCD4028F-686D-46E5-B0E9-477944DCBAAD}.Debug|x64.ActiveCfg = Debug|x64
		{BCD4028F-686D-46E5-B0E9-477944DCBAAD}.Debug|x64.Build.0 = Debug|x64
		{BCD4028F-686D-46E5-B0E9-477944DCBAAD}.Debug|x86.ActiveCfg = Debug|Win32
		{BCD4028F-686D-46E5-B0E9-477944DCBAAD}.Debug|x86.Build.0 = Debug|Win32
		{BCD4028F-686D-46E5-B0E9-477944DCBAAD}.Release|x64.ActiveCfg = Release|x64
		{BCD4028F-686D-46E5-B0E9-477944DCBAAD}.Release|x64.Build.0 = Release|x64
		{BCD4028F-686D-46E5-B0E9-477944DCBAAD}.Release|x86.ActiveCfg = Release|Win32
		{BCD4028F-686D-46E5-B0E9-477944DCBAAD}.Release|x86.Build.0 = Release|Win32
		{4ACD7231-16C1-4711-B754-327224ED021E}.Debug|x64.ActiveCfg = Debug|x64
		{4ACD7231-16C1-4711-B754-327224ED021E}.Debug|x64.Build.0 = Debug|x64
		{4ACD7231-16C1-4711-B754-327224ED021E}.Debug|x86.ActiveCfg = Debug|Win32
		{4ACD7231-16C1-4711-B754-327224ED021E}.Debug|x86.Build.0 = Debug|Win32
		{4ACD7231-16C1-4711-B754-327224ED021E}.Release|x64.ActiveCfg = Release|x64
		{4ACD7231-16C1-4711-B754-327224ED021E}.Release|x64.Build.0 = Release|x64
		{4ACD7231-16C1-4711-B754-327224ED021E}.Release|x86.ActiveCfg = Release|Win32
		{4ACD7231-16C1-4711-B754-327224ED021E}.Release|x86.Build.0 = Release|Win32
		{8830B26B-DBC4-43B2-ADC7-1ADB4D2EDFDF}.Debug|x64.ActiveCfg = Debug|x64
		{8830B26B-DBC4-43B2-ADC7-1ADB4D2EDFDF}.Debug|x64.Build.0 = Debug|x64
		{8830B26B-DBC4-43B2-ADC7-1ADB4D2EDFDF}.Debug|x86.ActiveCfg = Debug|Win32
		{8830B26B-DBC4-43B2-ADC7-1ADB4D2EDFDF}.Debug|x86.Build.0 = Debug|Win32
		{8830B26B-DBC4-43B2-ADC7-1ADB4D2EDFDF}.Release|x64.ActiveCfg = Release|x64
		{8830B26B-DBC4-43B2-ADC7-1ADB4D2EDFDF}.Release|x64.Build.0 = Release|x64
		{8830B26B-DBC4-43B2-ADC7-1ADB4D2EDFDF}.Release|x86.ActiveCfg = Release|Win32
		{8830B26B-DBC4-43B2-ADC7-1ADB4D2EDFDF}.Release|x86.Build.0 = Release|Win32
		{CD9CC085-51FB-4851-9D73-C2ACB542D7C4}.Debug|x64.ActiveCfg = Debug|x64
		{CD9CC085-51FB-4851-9D73-C2ACB542D7C4}.Debug|x64.Build.0 = Debug|x64
		{CD9CC085-51FB-4851-9D73-C2ACB542D7C4}.Debug|x86.ActiveCfg = Debug|Win32
		{CD9CC085-51FB-4851-9D73-C2ACB542D7C4}.Debug|x86.Build.0 = Debug|Win32
		{CD9CC085-51FB-4851-9D73-C2ACB542D7C4}.Release|x64.ActiveCfg = Release|x64
		{CD9CC085-51FB-4851-9D73-C2ACB542D7C4}.Release|x64.Build.0 = Release|x64
		{CD9CC085-51FB-4851-9D73-C2ACB542D7C4}.Release|x86.ActiveCfg = Release|Win32
		{CD9CC085-51FB-4851-9D73-C2ACB542D7C4}.Release|x86.Build.0 = Release|Win32
		{893E891F-49EE-40B3-952D-9548A3DFC20D}.Debug|x64.ActiveCfg = Debug|x64
		{893E891F-49EE-40B3-952D-9548A3DFC20D}.Debug|x64.Build.0 = Debug|x64
		{893E891F-49EE-40B3-952D-9548A3DFC20D}.Debug|x86.ActiveCfg = Debug|Win32
		{893E891F-49EE-40B3-952D-9548A3DFC20D}.Debug|x86.Build.0 = Debug|Win32
		{893E891F-49EE-40B3-952D-9548A3DFC20D}.Release|x64.ActiveCfg = Release|x64
		{893E891F-49EE-40B3-952D-9548A3DFC20D}.Release|x64.Build.0 = Release|x64
		{893E891F-49EE-40B3-952D-9548A3DFC20D}.Release|x86.ActiveCfg = Release|Win32
		{893E891F-49EE-40B3-952D-9548A3DFC20D}.Release|x86.Build.0 = Release|Win32
		{DF918131-4730-43E3-A729-B1E46764CD4F}.Debug|x64.ActiveCfg = Debug|x64
		{DF918131-4730-43E3-A729-B1E46764CD4F}.Debug|x64.Build.0 = Debug|x64
		{DF918131-4730-43E3-A729-B1E46764CD4F}.Debug|x86.ActiveCfg = Debug|Win32
		{DF918131-4730-43E3-A729-B1E46764CD4F}.Debug|x86.Build.0 = Debug|Win32
		{DF918131-4730-43E3-A729-B1E46764CD4F}.Release|x64.ActiveCfg = Release|x64
		{DF918131-4730-43E3-A729-B1E46764CD4F}.Release|x64.Build.0 = Release|x64
		{DF918131-4730-43E3-A729-B1E46764CD4F}.Release|x86.ActiveCfg = Release|Win32
		{DF918131-4730-43E3-A729-B1E46764CD4F}.Release|x86.Build.0 = Release|Win32
		{28C1C0D5-1409-4E0E-95B4-987BF443B42D}.Debug|x64.ActiveCfg = Debug|x64
		{28C1C0D5-1409-4E0E-95B4-987BF443B42D}.Debug|x64.Build.0 = Debug|x64
		{28C1C0D5-1409-4E0E-95B4-987BF443B42D}.Debug|x86.ActiveCfg = Debug|Win32
		{28C1C0D5-1409-4E0E-95B4-987BF443B42D}.Debug|x86.Build.0 = Debug|Win32
		{28C1C0D5-1409-4E0E-95B4-987BF443B42D}.Release|x64.ActiveCfg = Release|x64
		{28C1C0D5-1409-4E0E-95B4-987BF443B42D}.Release|x64.Build.0 = Release|x64
		{28C1C0D5-1409-4E0E-95B4-987BF443B42D}.Release|x86.ActiveCfg = Release|Win32
		{28C1C0D5-1409-4E0E-95B4-987BF443B42D}.Release|x86.Build.0 = Release|Win32
		{16AC9478-F5B8-4B1D-A079-334C5157A545}.Debug|x64.ActiveCfg = Debug|x64
		{16AC9478-F5B8-4B1D-A079-334C5157A545}.Debug|x64.Build.0 = Debug|x64
		{16AC9478-F5B8-4B1D-A079-334C5157A545}.Debug|x86.ActiveCfg = Debug|Win32
		{16AC9478-F5B8-4B1D-A079-334C5157A545}.Debug|x86.Build.0 = Debug|Win32
		{16AC9478-F5B8-4B1D-A079-334C5157A545}.Release|x64.ActiveCfg = Release|x64
		{16AC9478-F5B8-4B1D-A079-334C5157A545}.Release|x64.Build.0 = Release|x64
		{16AC9478-F5B8-4B1D-A079-334C5157A545}.Release|x86.ActiveCfg = Release|Win32
		{16AC9478-F5B8-4B1D-A079-334C5157A545}.Release|x86.Build.0 = Release|Win32
		{D964280B-2AC4-4C30-85E0-BF0D6E9DD139}.Debug|x64.ActiveCfg = Debug|x64
		{D964280B-2AC4-4C30-85E0-BF0D6E9DD139}.Debug|x64.Build.0 = Debug|x64
		{D964280B-2AC4-4C30-85E0-BF0D6E9DD139}.Debug|x86.ActiveCfg = Debug|Win32
		{D964280B-2AC4-4C30-85E0-BF0D6E9DD139}.Debug|x86.Build.0 = Debug|Win32
		{D964280B-2AC4-4C30-85E0-BF0D6E9DD139}.Release|x64.ActiveCfg = Release|x64
		{D964280B-2AC4-4C30-85E0-BF0D6E9DD139}.Release|x64.Build.0 = Release|x64
		{D964280B-2AC4-4C30-85E0-BF0D6E9DD139}.Release|x86.ActiveCfg = Release|Win32
		{D964280B-2AC4-4C30-85E0-BF0D6E9DD139}.Release|x86.Build.0 = Release|Win32
		{E3DB3D14-0A1B-4E6D-A80D-CECEDA3FE6D9}.Debug|x64.ActiveCfg = Debug|x64
		{E3DB3D14-0A1B-4E6D-A80D-CECEDA3FE6D9}.Debug|x64.Build.0 = Debug|x64
		{E3DB3D14-0A1B-4E6D-A80D-CECEDA3FE6D9}.Debug|x86.ActiveCfg = Debug|Win32
		{E3DB3D14-0A1B-4E6D-A80D-CECEDA3FE6D9}.Debug|x86.Build.0 = Debug|Win32
		{E3DB3D14-0A1B-4E6D-A80D-CECEDA3FE6D9}.Release|x64.ActiveCfg = Release|x64
		{E3DB3D14-0A1B-4E6D-A80D-CECEDA3FE6D9}.Release|x64.Build.0 = Release|x64
		{E3DB3D14-0A1B-4E6D-A80D-CECEDA3FE6D9}.Release|x86.ActiveCfg = Release|Win32
		{E3DB3D14-0A1B-4E6D-A80D-CECEDA3FE6D9}.Release|x86.Build.0 = Release|Win32
		{8059B90D-F9BE-4FA0-86D2-9DD36FB156CC}.Debug|x64.ActiveCfg = Debug|x64
		{8059B90D-F9BE-4FA0-86D2-9DD36FB156CC}.Debug|x64.Build.0 = Debug|x64
		{8059B90D-F9BE-4FA0-86D2-9DD36FB156CC}.Debug|x86.ActiveCfg = Debug|Win32
		{8059B90D-F9BE-4FA0-86D2-9DD36FB156CC}.Debug|x86.Build.0 = Debug|Win32
		{8059B90D-F9BE-4FA0-86D2-9DD36FB156CC}.Release|x64.ActiveCfg = Release|x64
		{8059B90D-F9BE-4FA0-86D2-9DD36FB156CC}.Release|x64.Build.0 = Release|x64
		{8059B90D-F9BE-4FA0-86D2-9DD36FB156CC}.Release|x86.ActiveCfg = Release|Win32
		{8059B90D-F9BE-4FA0-86D2-9DD36FB156CC}.Release|x86.Build.0 = Release|Win32
		{1F4590A7-7FDA-496D-A853-43CC2FDFFC7E}.Debug|x64.ActiveCfg = Debug|x64
		{1F4590A7-7FDA-496D-A853-43CC2FDFFC7E}.Debug|x64.Build.0 = Debug|x64
		{1F4590A7-7FDA-496D-A853-43CC2FDFFC7E}.Debug|x86.ActiveCfg = Debug|Win32
		{1F4590A7-7FDA-496D-A853-43CC2FDFFC7E}.Debug|x86.Build.0 = Debug|Win32
		{1F4590A7-7FDA-496D-A853-43CC2FDFFC7E}.Release|x64.ActiveCfg = Release|x64
		{1F4590A7-7FDA-496D-A853-43CC2FDFFC7E}.Release|x64.Build.0 = Release|x64
		{1F4590A7-7FDA-496D-A853-43CC2FDFFC7E}.Release|x86.ActiveCfg = Release|Win32
		{1F4590A7-7FDA-496D-A853-43CC2FDFFC7E}.Release|x86.Build.0 = Release|Win32
	EndGlobalSection
	GlobalSection(SolutionProperties) = preSolution
		HideSolutionNode = FALSE
	EndGlobalSection
	GlobalSection(ExtensibilityGlobals) = postSolution
		SolutionGuid = {52544487-69FE-4EC9-8EF3-C64B65AF207B}
	EndGlobalSection
EndGlobal
